// !$*UTF8*$!
{
	archiveVersion = 1;
	classes = {
	};
	objectVersion = 46;
	objects = {

/* Begin PBXBuildFile section */
		EB004ABB18980ADC00FA9FB7 /* NSObject+SBJson.m in Sources */ = {isa = PBXBuildFile; fileRef = EB004A9318980ADC00FA9FB7 /* NSObject+SBJson.m */; settings = {COMPILER_FLAGS = "-fno-objc-arc"; }; };
		EB004ABC18980ADC00FA9FB7 /* SBJsonParser.m in Sources */ = {isa = PBXBuildFile; fileRef = EB004A9618980ADC00FA9FB7 /* SBJsonParser.m */; settings = {COMPILER_FLAGS = "-fno-objc-arc"; }; };
		EB004ABD18980ADC00FA9FB7 /* SBJsonStreamParser.m in Sources */ = {isa = PBXBuildFile; fileRef = EB004A9818980ADC00FA9FB7 /* SBJsonStreamParser.m */; settings = {COMPILER_FLAGS = "-fno-objc-arc"; }; };
		EB004ABE18980ADC00FA9FB7 /* SBJsonStreamParserAccumulator.m in Sources */ = {isa = PBXBuildFile; fileRef = EB004A9A18980ADC00FA9FB7 /* SBJsonStreamParserAccumulator.m */; settings = {COMPILER_FLAGS = "-fno-objc-arc"; }; };
		EB004ABF18980ADC00FA9FB7 /* SBJsonStreamParserAdapter.m in Sources */ = {isa = PBXBuildFile; fileRef = EB004A9C18980ADC00FA9FB7 /* SBJsonStreamParserAdapter.m */; settings = {COMPILER_FLAGS = "-fno-objc-arc"; }; };
		EB004AC018980ADC00FA9FB7 /* SBJsonStreamParserState.m in Sources */ = {isa = PBXBuildFile; fileRef = EB004A9E18980ADC00FA9FB7 /* SBJsonStreamParserState.m */; settings = {COMPILER_FLAGS = "-fno-objc-arc"; }; };
		EB004AC118980ADC00FA9FB7 /* SBJsonStreamWriter.m in Sources */ = {isa = PBXBuildFile; fileRef = EB004AA018980ADC00FA9FB7 /* SBJsonStreamWriter.m */; settings = {COMPILER_FLAGS = "-fno-objc-arc"; }; };
		EB004AC218980ADC00FA9FB7 /* SBJsonStreamWriterAccumulator.m in Sources */ = {isa = PBXBuildFile; fileRef = EB004AA218980ADC00FA9FB7 /* SBJsonStreamWriterAccumulator.m */; settings = {COMPILER_FLAGS = "-fno-objc-arc"; }; };
		EB004AC318980ADC00FA9FB7 /* SBJsonStreamWriterState.m in Sources */ = {isa = PBXBuildFile; fileRef = EB004AA418980ADC00FA9FB7 /* SBJsonStreamWriterState.m */; settings = {COMPILER_FLAGS = "-fno-objc-arc"; }; };
		EB004AC418980ADC00FA9FB7 /* SBJsonTokeniser.m in Sources */ = {isa = PBXBuildFile; fileRef = EB004AA618980ADC00FA9FB7 /* SBJsonTokeniser.m */; settings = {COMPILER_FLAGS = "-fno-objc-arc"; }; };
		EB004AC518980ADC00FA9FB7 /* SBJsonUTF8Stream.m in Sources */ = {isa = PBXBuildFile; fileRef = EB004AA818980ADC00FA9FB7 /* SBJsonUTF8Stream.m */; settings = {COMPILER_FLAGS = "-fno-objc-arc"; }; };
		EB004AC618980ADC00FA9FB7 /* SBJsonWriter.m in Sources */ = {isa = PBXBuildFile; fileRef = EB004AAA18980ADC00FA9FB7 /* SBJsonWriter.m */; settings = {COMPILER_FLAGS = "-fno-objc-arc"; }; };
		EB004AC718980ADC00FA9FB7 /* OKFriends.m in Sources */ = {isa = PBXBuildFile; fileRef = EB004AAE18980ADC00FA9FB7 /* OKFriends.m */; settings = {COMPILER_FLAGS = "-fno-objc-arc"; }; };
		EB004AC818980ADC00FA9FB7 /* Odnoklassniki.m in Sources */ = {isa = PBXBuildFile; fileRef = EB004AB018980ADC00FA9FB7 /* Odnoklassniki.m */; settings = {COMPILER_FLAGS = "-fno-objc-arc"; }; };
		EB004AC918980ADC00FA9FB7 /* OKRequest.m in Sources */ = {isa = PBXBuildFile; fileRef = EB004AB218980ADC00FA9FB7 /* OKRequest.m */; settings = {COMPILER_FLAGS = "-fno-objc-arc"; }; };
		EB004ACA18980ADC00FA9FB7 /* OKRequestConnection.m in Sources */ = {isa = PBXBuildFile; fileRef = EB004AB418980ADC00FA9FB7 /* OKRequestConnection.m */; settings = {COMPILER_FLAGS = "-fno-objc-arc"; }; };
		EB004ACB18980ADC00FA9FB7 /* OKSession.m in Sources */ = {isa = PBXBuildFile; fileRef = EB004AB618980ADC00FA9FB7 /* OKSession.m */; settings = {COMPILER_FLAGS = "-fno-objc-arc"; }; };
		EB004ACC18980ADC00FA9FB7 /* OKTokenCache.m in Sources */ = {isa = PBXBuildFile; fileRef = EB004AB818980ADC00FA9FB7 /* OKTokenCache.m */; settings = {COMPILER_FLAGS = "-fno-objc-arc"; }; };
		EB004ACD18980ADC00FA9FB7 /* OKUtils.m in Sources */ = {isa = PBXBuildFile; fileRef = EB004ABA18980ADC00FA9FB7 /* OKUtils.m */; settings = {COMPILER_FLAGS = "-fno-objc-arc"; }; };
		EBE614631897A97B00CA76A4 /* Foundation.framework in Frameworks */ = {isa = PBXBuildFile; fileRef = EBE614621897A97B00CA76A4 /* Foundation.framework */; };
		EBE614651897A97B00CA76A4 /* CoreGraphics.framework in Frameworks */ = {isa = PBXBuildFile; fileRef = EBE614641897A97B00CA76A4 /* CoreGraphics.framework */; };
		EBE614671897A97B00CA76A4 /* UIKit.framework in Frameworks */ = {isa = PBXBuildFile; fileRef = EBE614661897A97B00CA76A4 /* UIKit.framework */; };
		EBE6146D1897A97B00CA76A4 /* InfoPlist.strings in Resources */ = {isa = PBXBuildFile; fileRef = EBE6146B1897A97B00CA76A4 /* InfoPlist.strings */; };
		EBE6146F1897A97B00CA76A4 /* main.m in Sources */ = {isa = PBXBuildFile; fileRef = EBE6146E1897A97B00CA76A4 /* main.m */; };
		EBE614731897A97B00CA76A4 /* ALAppDelegate.m in Sources */ = {isa = PBXBuildFile; fileRef = EBE614721897A97B00CA76A4 /* ALAppDelegate.m */; };
		EBE614761897A97B00CA76A4 /* Main.storyboard in Resources */ = {isa = PBXBuildFile; fileRef = EBE614741897A97B00CA76A4 /* Main.storyboard */; };
		EBE614791897A97B00CA76A4 /* ALFirstViewController.m in Sources */ = {isa = PBXBuildFile; fileRef = EBE614781897A97B00CA76A4 /* ALFirstViewController.m */; };
		EBE6147E1897A97B00CA76A4 /* Images.xcassets in Resources */ = {isa = PBXBuildFile; fileRef = EBE6147D1897A97B00CA76A4 /* Images.xcassets */; };
		EBE614851897A97B00CA76A4 /* XCTest.framework in Frameworks */ = {isa = PBXBuildFile; fileRef = EBE614841897A97B00CA76A4 /* XCTest.framework */; };
		EBE614861897A97B00CA76A4 /* Foundation.framework in Frameworks */ = {isa = PBXBuildFile; fileRef = EBE614621897A97B00CA76A4 /* Foundation.framework */; };
		EBE614871897A97B00CA76A4 /* UIKit.framework in Frameworks */ = {isa = PBXBuildFile; fileRef = EBE614661897A97B00CA76A4 /* UIKit.framework */; };
		EBE6148F1897A97B00CA76A4 /* InfoPlist.strings in Resources */ = {isa = PBXBuildFile; fileRef = EBE6148D1897A97B00CA76A4 /* InfoPlist.strings */; };
		EBE614911897A97B00CA76A4 /* Odnoklassniki_iOS_exampleTests.m in Sources */ = {isa = PBXBuildFile; fileRef = EBE614901897A97B00CA76A4 /* Odnoklassniki_iOS_exampleTests.m */; };
/* End PBXBuildFile section */

/* Begin PBXContainerItemProxy section */
		EBE614881897A97B00CA76A4 /* PBXContainerItemProxy */ = {
			isa = PBXContainerItemProxy;
			containerPortal = EBE614571897A97B00CA76A4 /* Project object */;
			proxyType = 1;
			remoteGlobalIDString = EBE6145E1897A97B00CA76A4;
			remoteInfo = "Odnoklassniki iOS example";
		};
/* End PBXContainerItemProxy section */

/* Begin PBXFileReference section */
		EB004A9218980ADC00FA9FB7 /* NSObject+SBJson.h */ = {isa = PBXFileReference; fileEncoding = 4; lastKnownFileType = sourcecode.c.h; path = "NSObject+SBJson.h"; sourceTree = "<group>"; };
		EB004A9318980ADC00FA9FB7 /* NSObject+SBJson.m */ = {isa = PBXFileReference; fileEncoding = 4; lastKnownFileType = sourcecode.c.objc; path = "NSObject+SBJson.m"; sourceTree = "<group>"; };
		EB004A9418980ADC00FA9FB7 /* SBJson.h */ = {isa = PBXFileReference; fileEncoding = 4; lastKnownFileType = sourcecode.c.h; path = SBJson.h; sourceTree = "<group>"; };
		EB004A9518980ADC00FA9FB7 /* SBJsonParser.h */ = {isa = PBXFileReference; fileEncoding = 4; lastKnownFileType = sourcecode.c.h; path = SBJsonParser.h; sourceTree = "<group>"; };
		EB004A9618980ADC00FA9FB7 /* SBJsonParser.m */ = {isa = PBXFileReference; fileEncoding = 4; lastKnownFileType = sourcecode.c.objc; path = SBJsonParser.m; sourceTree = "<group>"; };
		EB004A9718980ADC00FA9FB7 /* SBJsonStreamParser.h */ = {isa = PBXFileReference; fileEncoding = 4; lastKnownFileType = sourcecode.c.h; path = SBJsonStreamParser.h; sourceTree = "<group>"; };
		EB004A9818980ADC00FA9FB7 /* SBJsonStreamParser.m */ = {isa = PBXFileReference; fileEncoding = 4; lastKnownFileType = sourcecode.c.objc; path = SBJsonStreamParser.m; sourceTree = "<group>"; };
		EB004A9918980ADC00FA9FB7 /* SBJsonStreamParserAccumulator.h */ = {isa = PBXFileReference; fileEncoding = 4; lastKnownFileType = sourcecode.c.h; path = SBJsonStreamParserAccumulator.h; sourceTree = "<group>"; };
		EB004A9A18980ADC00FA9FB7 /* SBJsonStreamParserAccumulator.m */ = {isa = PBXFileReference; fileEncoding = 4; lastKnownFileType = sourcecode.c.objc; path = SBJsonStreamParserAccumulator.m; sourceTree = "<group>"; };
		EB004A9B18980ADC00FA9FB7 /* SBJsonStreamParserAdapter.h */ = {isa = PBXFileReference; fileEncoding = 4; lastKnownFileType = sourcecode.c.h; path = SBJsonStreamParserAdapter.h; sourceTree = "<group>"; };
		EB004A9C18980ADC00FA9FB7 /* SBJsonStreamParserAdapter.m */ = {isa = PBXFileReference; fileEncoding = 4; lastKnownFileType = sourcecode.c.objc; path = SBJsonStreamParserAdapter.m; sourceTree = "<group>"; };
		EB004A9D18980ADC00FA9FB7 /* SBJsonStreamParserState.h */ = {isa = PBXFileReference; fileEncoding = 4; lastKnownFileType = sourcecode.c.h; path = SBJsonStreamParserState.h; sourceTree = "<group>"; };
		EB004A9E18980ADC00FA9FB7 /* SBJsonStreamParserState.m */ = {isa = PBXFileReference; fileEncoding = 4; lastKnownFileType = sourcecode.c.objc; path = SBJsonStreamParserState.m; sourceTree = "<group>"; };
		EB004A9F18980ADC00FA9FB7 /* SBJsonStreamWriter.h */ = {isa = PBXFileReference; fileEncoding = 4; lastKnownFileType = sourcecode.c.h; path = SBJsonStreamWriter.h; sourceTree = "<group>"; };
		EB004AA018980ADC00FA9FB7 /* SBJsonStreamWriter.m */ = {isa = PBXFileReference; fileEncoding = 4; lastKnownFileType = sourcecode.c.objc; path = SBJsonStreamWriter.m; sourceTree = "<group>"; };
		EB004AA118980ADC00FA9FB7 /* SBJsonStreamWriterAccumulator.h */ = {isa = PBXFileReference; fileEncoding = 4; lastKnownFileType = sourcecode.c.h; path = SBJsonStreamWriterAccumulator.h; sourceTree = "<group>"; };
		EB004AA218980ADC00FA9FB7 /* SBJsonStreamWriterAccumulator.m */ = {isa = PBXFileReference; fileEncoding = 4; lastKnownFileType = sourcecode.c.objc; path = SBJsonStreamWriterAccumulator.m; sourceTree = "<group>"; };
		EB004AA318980ADC00FA9FB7 /* SBJsonStreamWriterState.h */ = {isa = PBXFileReference; fileEncoding = 4; lastKnownFileType = sourcecode.c.h; path = SBJsonStreamWriterState.h; sourceTree = "<group>"; };
		EB004AA418980ADC00FA9FB7 /* SBJsonStreamWriterState.m */ = {isa = PBXFileReference; fileEncoding = 4; lastKnownFileType = sourcecode.c.objc; path = SBJsonStreamWriterState.m; sourceTree = "<group>"; };
		EB004AA518980ADC00FA9FB7 /* SBJsonTokeniser.h */ = {isa = PBXFileReference; fileEncoding = 4; lastKnownFileType = sourcecode.c.h; path = SBJsonTokeniser.h; sourceTree = "<group>"; };
		EB004AA618980ADC00FA9FB7 /* SBJsonTokeniser.m */ = {isa = PBXFileReference; fileEncoding = 4; lastKnownFileType = sourcecode.c.objc; path = SBJsonTokeniser.m; sourceTree = "<group>"; };
		EB004AA718980ADC00FA9FB7 /* SBJsonUTF8Stream.h */ = {isa = PBXFileReference; fileEncoding = 4; lastKnownFileType = sourcecode.c.h; path = SBJsonUTF8Stream.h; sourceTree = "<group>"; };
		EB004AA818980ADC00FA9FB7 /* SBJsonUTF8Stream.m */ = {isa = PBXFileReference; fileEncoding = 4; lastKnownFileType = sourcecode.c.objc; path = SBJsonUTF8Stream.m; sourceTree = "<group>"; };
		EB004AA918980ADC00FA9FB7 /* SBJsonWriter.h */ = {isa = PBXFileReference; fileEncoding = 4; lastKnownFileType = sourcecode.c.h; path = SBJsonWriter.h; sourceTree = "<group>"; };
		EB004AAA18980ADC00FA9FB7 /* SBJsonWriter.m */ = {isa = PBXFileReference; fileEncoding = 4; lastKnownFileType = sourcecode.c.objc; path = SBJsonWriter.m; sourceTree = "<group>"; };
		EB004AAD18980ADC00FA9FB7 /* OKFriends.h */ = {isa = PBXFileReference; fileEncoding = 4; lastKnownFileType = sourcecode.c.h; path = OKFriends.h; sourceTree = "<group>"; };
		EB004AAE18980ADC00FA9FB7 /* OKFriends.m */ = {isa = PBXFileReference; fileEncoding = 4; lastKnownFileType = sourcecode.c.objc; path = OKFriends.m; sourceTree = "<group>"; };
		EB004AAF18980ADC00FA9FB7 /* Odnoklassniki.h */ = {isa = PBXFileReference; fileEncoding = 4; lastKnownFileType = sourcecode.c.h; path = Odnoklassniki.h; sourceTree = "<group>"; };
		EB004AB018980ADC00FA9FB7 /* Odnoklassniki.m */ = {isa = PBXFileReference; fileEncoding = 4; lastKnownFileType = sourcecode.c.objc; path = Odnoklassniki.m; sourceTree = "<group>"; };
		EB004AB118980ADC00FA9FB7 /* OKRequest.h */ = {isa = PBXFileReference; fileEncoding = 4; lastKnownFileType = sourcecode.c.h; path = OKRequest.h; sourceTree = "<group>"; };
		EB004AB218980ADC00FA9FB7 /* OKRequest.m */ = {isa = PBXFileReference; fileEncoding = 4; lastKnownFileType = sourcecode.c.objc; path = OKRequest.m; sourceTree = "<group>"; };
		EB004AB318980ADC00FA9FB7 /* OKRequestConnection.h */ = {isa = PBXFileReference; fileEncoding = 4; lastKnownFileType = sourcecode.c.h; path = OKRequestConnection.h; sourceTree = "<group>"; };
		EB004AB418980ADC00FA9FB7 /* OKRequestConnection.m */ = {isa = PBXFileReference; fileEncoding = 4; lastKnownFileType = sourcecode.c.objc; path = OKRequestConnection.m; sourceTree = "<group>"; };
		EB004AB518980ADC00FA9FB7 /* OKSession.h */ = {isa = PBXFileReference; fileEncoding = 4; lastKnownFileType = sourcecode.c.h; path = OKSession.h; sourceTree = "<group>"; };
		EB004AB618980ADC00FA9FB7 /* OKSession.m */ = {isa = PBXFileReference; fileEncoding = 4; lastKnownFileType = sourcecode.c.objc; path = OKSession.m; sourceTree = "<group>"; };
		EB004AB718980ADC00FA9FB7 /* OKTokenCache.h */ = {isa = PBXFileReference; fileEncoding = 4; lastKnownFileType = sourcecode.c.h; path = OKTokenCache.h; sourceTree = "<group>"; };
		EB004AB818980ADC00FA9FB7 /* OKTokenCache.m */ = {isa = PBXFileReference; fileEncoding = 4; lastKnownFileType = sourcecode.c.objc; path = OKTokenCache.m; sourceTree = "<group>"; };
		EB004AB918980ADC00FA9FB7 /* OKUtils.h */ = {isa = PBXFileReference; fileEncoding = 4; lastKnownFileType = sourcecode.c.h; path = OKUtils.h; sourceTree = "<group>"; };
		EB004ABA18980ADC00FA9FB7 /* OKUtils.m */ = {isa = PBXFileReference; fileEncoding = 4; lastKnownFileType = sourcecode.c.objc; path = OKUtils.m; sourceTree = "<group>"; };
		EBE6145F1897A97B00CA76A4 /* Odnoklassniki iOS example.app */ = {isa = PBXFileReference; explicitFileType = wrapper.application; includeInIndex = 0; path = "Odnoklassniki iOS example.app"; sourceTree = BUILT_PRODUCTS_DIR; };
		EBE614621897A97B00CA76A4 /* Foundation.framework */ = {isa = PBXFileReference; lastKnownFileType = wrapper.framework; name = Foundation.framework; path = System/Library/Frameworks/Foundation.framework; sourceTree = SDKROOT; };
		EBE614641897A97B00CA76A4 /* CoreGraphics.framework */ = {isa = PBXFileReference; lastKnownFileType = wrapper.framework; name = CoreGraphics.framework; path = System/Library/Frameworks/CoreGraphics.framework; sourceTree = SDKROOT; };
		EBE614661897A97B00CA76A4 /* UIKit.framework */ = {isa = PBXFileReference; lastKnownFileType = wrapper.framework; name = UIKit.framework; path = System/Library/Frameworks/UIKit.framework; sourceTree = SDKROOT; };
		EBE6146A1897A97B00CA76A4 /* Odnoklassniki iOS example-Info.plist */ = {isa = PBXFileReference; lastKnownFileType = text.plist.xml; path = "Odnoklassniki iOS example-Info.plist"; sourceTree = "<group>"; };
		EBE6146E1897A97B00CA76A4 /* main.m */ = {isa = PBXFileReference; lastKnownFileType = sourcecode.c.objc; path = main.m; sourceTree = "<group>"; };
		EBE614701897A97B00CA76A4 /* Odnoklassniki iOS example-Prefix.pch */ = {isa = PBXFileReference; lastKnownFileType = sourcecode.c.h; path = "Odnoklassniki iOS example-Prefix.pch"; sourceTree = "<group>"; };
		EBE614711897A97B00CA76A4 /* ALAppDelegate.h */ = {isa = PBXFileReference; lastKnownFileType = sourcecode.c.h; path = ALAppDelegate.h; sourceTree = "<group>"; };
		EBE614721897A97B00CA76A4 /* ALAppDelegate.m */ = {isa = PBXFileReference; lastKnownFileType = sourcecode.c.objc; path = ALAppDelegate.m; sourceTree = "<group>"; };
		EBE614751897A97B00CA76A4 /* Base */ = {isa = PBXFileReference; lastKnownFileType = file.storyboard; name = Base; path = Base.lproj/Main.storyboard; sourceTree = "<group>"; };
		EBE614771897A97B00CA76A4 /* ALFirstViewController.h */ = {isa = PBXFileReference; lastKnownFileType = sourcecode.c.h; path = ALFirstViewController.h; sourceTree = "<group>"; };
		EBE614781897A97B00CA76A4 /* ALFirstViewController.m */ = {isa = PBXFileReference; lastKnownFileType = sourcecode.c.objc; path = ALFirstViewController.m; sourceTree = "<group>"; };
		EBE6147D1897A97B00CA76A4 /* Images.xcassets */ = {isa = PBXFileReference; lastKnownFileType = folder.assetcatalog; path = Images.xcassets; sourceTree = "<group>"; };
		EBE614831897A97B00CA76A4 /* Odnoklassniki iOS exampleTests.xctest */ = {isa = PBXFileReference; explicitFileType = wrapper.cfbundle; includeInIndex = 0; path = "Odnoklassniki iOS exampleTests.xctest"; sourceTree = BUILT_PRODUCTS_DIR; };
		EBE614841897A97B00CA76A4 /* XCTest.framework */ = {isa = PBXFileReference; lastKnownFileType = wrapper.framework; name = XCTest.framework; path = Library/Frameworks/XCTest.framework; sourceTree = DEVELOPER_DIR; };
		EBE6148C1897A97B00CA76A4 /* Odnoklassniki iOS exampleTests-Info.plist */ = {isa = PBXFileReference; lastKnownFileType = text.plist.xml; path = "Odnoklassniki iOS exampleTests-Info.plist"; sourceTree = "<group>"; };
		EBE614901897A97B00CA76A4 /* Odnoklassniki_iOS_exampleTests.m */ = {isa = PBXFileReference; lastKnownFileType = sourcecode.c.objc; path = Odnoklassniki_iOS_exampleTests.m; sourceTree = "<group>"; };
		EBE6149A1897A9D700CA76A4 /* ru */ = {isa = PBXFileReference; lastKnownFileType = text.plist.strings; name = ru; path = ru.lproj/Main.strings; sourceTree = "<group>"; };
		EBE6149B1897A9D700CA76A4 /* ru */ = {isa = PBXFileReference; lastKnownFileType = text.plist.strings; name = ru; path = ru.lproj/InfoPlist.strings; sourceTree = "<group>"; };
		EBE6149C1897A9D700CA76A4 /* ru */ = {isa = PBXFileReference; lastKnownFileType = text.plist.strings; name = ru; path = ru.lproj/InfoPlist.strings; sourceTree = "<group>"; };
		EBE6149D1897AA0500CA76A4 /* en */ = {isa = PBXFileReference; lastKnownFileType = text.plist.strings; name = en; path = en.lproj/Main.strings; sourceTree = "<group>"; };
		EBE6149E1897AA0500CA76A4 /* en */ = {isa = PBXFileReference; lastKnownFileType = text.plist.strings; name = en; path = en.lproj/InfoPlist.strings; sourceTree = "<group>"; };
		EBE6149F1897AA0500CA76A4 /* en */ = {isa = PBXFileReference; lastKnownFileType = text.plist.strings; name = en; path = en.lproj/InfoPlist.strings; sourceTree = "<group>"; };
/* End PBXFileReference section */

/* Begin PBXFrameworksBuildPhase section */
		EBE6145C1897A97B00CA76A4 /* Frameworks */ = {
			isa = PBXFrameworksBuildPhase;
			buildActionMask = 2147483647;
			files = (
				EBE614651897A97B00CA76A4 /* CoreGraphics.framework in Frameworks */,
				EBE614671897A97B00CA76A4 /* UIKit.framework in Frameworks */,
				EBE614631897A97B00CA76A4 /* Foundation.framework in Frameworks */,
			);
			runOnlyForDeploymentPostprocessing = 0;
		};
		EBE614801897A97B00CA76A4 /* Frameworks */ = {
			isa = PBXFrameworksBuildPhase;
			buildActionMask = 2147483647;
			files = (
				EBE614851897A97B00CA76A4 /* XCTest.framework in Frameworks */,
				EBE614871897A97B00CA76A4 /* UIKit.framework in Frameworks */,
				EBE614861897A97B00CA76A4 /* Foundation.framework in Frameworks */,
			);
			runOnlyForDeploymentPostprocessing = 0;
		};
/* End PBXFrameworksBuildPhase section */

/* Begin PBXGroup section */
		EB004A9118980ADC00FA9FB7 /* JSON */ = {
			isa = PBXGroup;
			children = (
				EB004A9218980ADC00FA9FB7 /* NSObject+SBJson.h */,
				EB004A9318980ADC00FA9FB7 /* NSObject+SBJson.m */,
				EB004A9418980ADC00FA9FB7 /* SBJson.h */,
				EB004A9518980ADC00FA9FB7 /* SBJsonParser.h */,
				EB004A9618980ADC00FA9FB7 /* SBJsonParser.m */,
				EB004A9718980ADC00FA9FB7 /* SBJsonStreamParser.h */,
				EB004A9818980ADC00FA9FB7 /* SBJsonStreamParser.m */,
				EB004A9918980ADC00FA9FB7 /* SBJsonStreamParserAccumulator.h */,
				EB004A9A18980ADC00FA9FB7 /* SBJsonStreamParserAccumulator.m */,
				EB004A9B18980ADC00FA9FB7 /* SBJsonStreamParserAdapter.h */,
				EB004A9C18980ADC00FA9FB7 /* SBJsonStreamParserAdapter.m */,
				EB004A9D18980ADC00FA9FB7 /* SBJsonStreamParserState.h */,
				EB004A9E18980ADC00FA9FB7 /* SBJsonStreamParserState.m */,
				EB004A9F18980ADC00FA9FB7 /* SBJsonStreamWriter.h */,
				EB004AA018980ADC00FA9FB7 /* SBJsonStreamWriter.m */,
				EB004AA118980ADC00FA9FB7 /* SBJsonStreamWriterAccumulator.h */,
				EB004AA218980ADC00FA9FB7 /* SBJsonStreamWriterAccumulator.m */,
				EB004AA318980ADC00FA9FB7 /* SBJsonStreamWriterState.h */,
				EB004AA418980ADC00FA9FB7 /* SBJsonStreamWriterState.m */,
				EB004AA518980ADC00FA9FB7 /* SBJsonTokeniser.h */,
				EB004AA618980ADC00FA9FB7 /* SBJsonTokeniser.m */,
				EB004AA718980ADC00FA9FB7 /* SBJsonUTF8Stream.h */,
				EB004AA818980ADC00FA9FB7 /* SBJsonUTF8Stream.m */,
				EB004AA918980ADC00FA9FB7 /* SBJsonWriter.h */,
				EB004AAA18980ADC00FA9FB7 /* SBJsonWriter.m */,
			);
			path = JSON;
			sourceTree = "<group>";
		};
		EB004AAB18980ADC00FA9FB7 /* Odnoklassniki SDK */ = {
			isa = PBXGroup;
			children = (
				EB004AAC18980ADC00FA9FB7 /* Friends */,
				EB004AAF18980ADC00FA9FB7 /* Odnoklassniki.h */,
				EB004AB018980ADC00FA9FB7 /* Odnoklassniki.m */,
				EB004AB118980ADC00FA9FB7 /* OKRequest.h */,
				EB004AB218980ADC00FA9FB7 /* OKRequest.m */,
				EB004AB318980ADC00FA9FB7 /* OKRequestConnection.h */,
				EB004AB418980ADC00FA9FB7 /* OKRequestConnection.m */,
				EB004AB518980ADC00FA9FB7 /* OKSession.h */,
				EB004AB618980ADC00FA9FB7 /* OKSession.m */,
				EB004AB718980ADC00FA9FB7 /* OKTokenCache.h */,
				EB004AB818980ADC00FA9FB7 /* OKTokenCache.m */,
				EB004AB918980ADC00FA9FB7 /* OKUtils.h */,
				EB004ABA18980ADC00FA9FB7 /* OKUtils.m */,
			);
			path = "Odnoklassniki SDK";
			sourceTree = "<group>";
		};
		EB004AAC18980ADC00FA9FB7 /* Friends */ = {
			isa = PBXGroup;
			children = (
				EB004AAD18980ADC00FA9FB7 /* OKFriends.h */,
				EB004AAE18980ADC00FA9FB7 /* OKFriends.m */,
			);
			path = Friends;
			sourceTree = "<group>";
		};
		EBE614561897A97B00CA76A4 = {
			isa = PBXGroup;
			children = (
				EBE614681897A97B00CA76A4 /* Odnoklassniki iOS example */,
				EBE6148A1897A97B00CA76A4 /* Odnoklassniki iOS exampleTests */,
				EBE614611897A97B00CA76A4 /* Frameworks */,
				EBE614601897A97B00CA76A4 /* Products */,
			);
			sourceTree = "<group>";
		};
		EBE614601897A97B00CA76A4 /* Products */ = {
			isa = PBXGroup;
			children = (
				EBE6145F1897A97B00CA76A4 /* Odnoklassniki iOS example.app */,
				EBE614831897A97B00CA76A4 /* Odnoklassniki iOS exampleTests.xctest */,
			);
			name = Products;
			sourceTree = "<group>";
		};
		EBE614611897A97B00CA76A4 /* Frameworks */ = {
			isa = PBXGroup;
			children = (
				EBE614621897A97B00CA76A4 /* Foundation.framework */,
				EBE614641897A97B00CA76A4 /* CoreGraphics.framework */,
				EBE614661897A97B00CA76A4 /* UIKit.framework */,
				EBE614841897A97B00CA76A4 /* XCTest.framework */,
			);
			name = Frameworks;
			sourceTree = "<group>";
		};
		EBE614681897A97B00CA76A4 /* Odnoklassniki iOS example */ = {
			isa = PBXGroup;
			children = (
				EB004A9118980ADC00FA9FB7 /* JSON */,
				EB004AAB18980ADC00FA9FB7 /* Odnoklassniki SDK */,
				EBE614711897A97B00CA76A4 /* ALAppDelegate.h */,
				EBE614721897A97B00CA76A4 /* ALAppDelegate.m */,
				EBE614741897A97B00CA76A4 /* Main.storyboard */,
				EBE614771897A97B00CA76A4 /* ALFirstViewController.h */,
				EBE614781897A97B00CA76A4 /* ALFirstViewController.m */,
				EBE6147D1897A97B00CA76A4 /* Images.xcassets */,
				EBE614691897A97B00CA76A4 /* Supporting Files */,
			);
			path = "Odnoklassniki iOS example";
			sourceTree = "<group>";
		};
		EBE614691897A97B00CA76A4 /* Supporting Files */ = {
			isa = PBXGroup;
			children = (
				EBE6146A1897A97B00CA76A4 /* Odnoklassniki iOS example-Info.plist */,
				EBE6146B1897A97B00CA76A4 /* InfoPlist.strings */,
				EBE6146E1897A97B00CA76A4 /* main.m */,
				EBE614701897A97B00CA76A4 /* Odnoklassniki iOS example-Prefix.pch */,
			);
			name = "Supporting Files";
			sourceTree = "<group>";
		};
		EBE6148A1897A97B00CA76A4 /* Odnoklassniki iOS exampleTests */ = {
			isa = PBXGroup;
			children = (
				EBE614901897A97B00CA76A4 /* Odnoklassniki_iOS_exampleTests.m */,
				EBE6148B1897A97B00CA76A4 /* Supporting Files */,
			);
			path = "Odnoklassniki iOS exampleTests";
			sourceTree = "<group>";
		};
		EBE6148B1897A97B00CA76A4 /* Supporting Files */ = {
			isa = PBXGroup;
			children = (
				EBE6148C1897A97B00CA76A4 /* Odnoklassniki iOS exampleTests-Info.plist */,
				EBE6148D1897A97B00CA76A4 /* InfoPlist.strings */,
			);
			name = "Supporting Files";
			sourceTree = "<group>";
		};
/* End PBXGroup section */

/* Begin PBXNativeTarget section */
		EBE6145E1897A97B00CA76A4 /* Odnoklassniki iOS example */ = {
			isa = PBXNativeTarget;
			buildConfigurationList = EBE614941897A97B00CA76A4 /* Build configuration list for PBXNativeTarget "Odnoklassniki iOS example" */;
			buildPhases = (
				EBE6145B1897A97B00CA76A4 /* Sources */,
				EBE6145C1897A97B00CA76A4 /* Frameworks */,
				EBE6145D1897A97B00CA76A4 /* Resources */,
			);
			buildRules = (
			);
			dependencies = (
			);
			name = "Odnoklassniki iOS example";
			productName = "Odnoklassniki iOS example";
			productReference = EBE6145F1897A97B00CA76A4 /* Odnoklassniki iOS example.app */;
			productType = "com.apple.product-type.application";
		};
		EBE614821897A97B00CA76A4 /* Odnoklassniki iOS exampleTests */ = {
			isa = PBXNativeTarget;
			buildConfigurationList = EBE614971897A97B00CA76A4 /* Build configuration list for PBXNativeTarget "Odnoklassniki iOS exampleTests" */;
			buildPhases = (
				EBE6147F1897A97B00CA76A4 /* Sources */,
				EBE614801897A97B00CA76A4 /* Frameworks */,
				EBE614811897A97B00CA76A4 /* Resources */,
			);
			buildRules = (
			);
			dependencies = (
				EBE614891897A97B00CA76A4 /* PBXTargetDependency */,
			);
			name = "Odnoklassniki iOS exampleTests";
			productName = "Odnoklassniki iOS exampleTests";
			productReference = EBE614831897A97B00CA76A4 /* Odnoklassniki iOS exampleTests.xctest */;
			productType = "com.apple.product-type.bundle.unit-test";
		};
/* End PBXNativeTarget section */

/* Begin PBXProject section */
		EBE614571897A97B00CA76A4 /* Project object */ = {
			isa = PBXProject;
			attributes = {
				CLASSPREFIX = AL;
				LastUpgradeCheck = 0500;
				ORGANIZATIONNAME = "Артем Лобачев";
				TargetAttributes = {
					EBE614821897A97B00CA76A4 = {
						TestTargetID = EBE6145E1897A97B00CA76A4;
					};
				};
			};
			buildConfigurationList = EBE6145A1897A97B00CA76A4 /* Build configuration list for PBXProject "Odnoklassniki iOS example" */;
			compatibilityVersion = "Xcode 3.2";
			developmentRegion = English;
			hasScannedForEncodings = 0;
			knownRegions = (
				en,
				Base,
				ru,
			);
			mainGroup = EBE614561897A97B00CA76A4;
			productRefGroup = EBE614601897A97B00CA76A4 /* Products */;
			projectDirPath = "";
			projectRoot = "";
			targets = (
				EBE6145E1897A97B00CA76A4 /* Odnoklassniki iOS example */,
				EBE614821897A97B00CA76A4 /* Odnoklassniki iOS exampleTests */,
			);
		};
/* End PBXProject section */

/* Begin PBXResourcesBuildPhase section */
		EBE6145D1897A97B00CA76A4 /* Resources */ = {
			isa = PBXResourcesBuildPhase;
			buildActionMask = 2147483647;
			files = (
				EBE6147E1897A97B00CA76A4 /* Images.xcassets in Resources */,
				EBE6146D1897A97B00CA76A4 /* InfoPlist.strings in Resources */,
				EBE614761897A97B00CA76A4 /* Main.storyboard in Resources */,
			);
			runOnlyForDeploymentPostprocessing = 0;
		};
		EBE614811897A97B00CA76A4 /* Resources */ = {
			isa = PBXResourcesBuildPhase;
			buildActionMask = 2147483647;
			files = (
				EBE6148F1897A97B00CA76A4 /* InfoPlist.strings in Resources */,
			);
			runOnlyForDeploymentPostprocessing = 0;
		};
/* End PBXResourcesBuildPhase section */

/* Begin PBXSourcesBuildPhase section */
		EBE6145B1897A97B00CA76A4 /* Sources */ = {
			isa = PBXSourcesBuildPhase;
			buildActionMask = 2147483647;
			files = (
				EB004AC418980ADC00FA9FB7 /* SBJsonTokeniser.m in Sources */,
				EBE6146F1897A97B00CA76A4 /* main.m in Sources */,
				EB004AC018980ADC00FA9FB7 /* SBJsonStreamParserState.m in Sources */,
				EBE614791897A97B00CA76A4 /* ALFirstViewController.m in Sources */,
				EB004AC618980ADC00FA9FB7 /* SBJsonWriter.m in Sources */,
				EBE614731897A97B00CA76A4 /* ALAppDelegate.m in Sources */,
				EB004ABE18980ADC00FA9FB7 /* SBJsonStreamParserAccumulator.m in Sources */,
				EB004ABC18980ADC00FA9FB7 /* SBJsonParser.m in Sources */,
				EB004ABB18980ADC00FA9FB7 /* NSObject+SBJson.m in Sources */,
				EB004ACB18980ADC00FA9FB7 /* OKSession.m in Sources */,
				EB004AC518980ADC00FA9FB7 /* SBJsonUTF8Stream.m in Sources */,
				EB004AC918980ADC00FA9FB7 /* OKRequest.m in Sources */,
				EB004AC218980ADC00FA9FB7 /* SBJsonStreamWriterAccumulator.m in Sources */,
				EB004ACC18980ADC00FA9FB7 /* OKTokenCache.m in Sources */,
				EB004AC718980ADC00FA9FB7 /* OKFriends.m in Sources */,
				EB004ACD18980ADC00FA9FB7 /* OKUtils.m in Sources */,
				EB004ACA18980ADC00FA9FB7 /* OKRequestConnection.m in Sources */,
				EB004AC118980ADC00FA9FB7 /* SBJsonStreamWriter.m in Sources */,
				EB004AC318980ADC00FA9FB7 /* SBJsonStreamWriterState.m in Sources */,
				EB004ABD18980ADC00FA9FB7 /* SBJsonStreamParser.m in Sources */,
				EB004AC818980ADC00FA9FB7 /* Odnoklassniki.m in Sources */,
				EB004ABF18980ADC00FA9FB7 /* SBJsonStreamParserAdapter.m in Sources */,
			);
			runOnlyForDeploymentPostprocessing = 0;
		};
		EBE6147F1897A97B00CA76A4 /* Sources */ = {
			isa = PBXSourcesBuildPhase;
			buildActionMask = 2147483647;
			files = (
				EBE614911897A97B00CA76A4 /* Odnoklassniki_iOS_exampleTests.m in Sources */,
			);
			runOnlyForDeploymentPostprocessing = 0;
		};
/* End PBXSourcesBuildPhase section */

/* Begin PBXTargetDependency section */
		EBE614891897A97B00CA76A4 /* PBXTargetDependency */ = {
			isa = PBXTargetDependency;
			target = EBE6145E1897A97B00CA76A4 /* Odnoklassniki iOS example */;
			targetProxy = EBE614881897A97B00CA76A4 /* PBXContainerItemProxy */;
		};
/* End PBXTargetDependency section */

/* Begin PBXVariantGroup section */
		EBE6146B1897A97B00CA76A4 /* InfoPlist.strings */ = {
			isa = PBXVariantGroup;
			children = (
				EBE6149B1897A9D700CA76A4 /* ru */,
				EBE6149E1897AA0500CA76A4 /* en */,
			);
			name = InfoPlist.strings;
			sourceTree = "<group>";
		};
		EBE614741897A97B00CA76A4 /* Main.storyboard */ = {
			isa = PBXVariantGroup;
			children = (
				EBE614751897A97B00CA76A4 /* Base */,
				EBE6149A1897A9D700CA76A4 /* ru */,
				EBE6149D1897AA0500CA76A4 /* en */,
			);
			name = Main.storyboard;
			sourceTree = "<group>";
		};
		EBE6148D1897A97B00CA76A4 /* InfoPlist.strings */ = {
			isa = PBXVariantGroup;
			children = (
				EBE6149C1897A9D700CA76A4 /* ru */,
				EBE6149F1897AA0500CA76A4 /* en */,
			);
			name = InfoPlist.strings;
			sourceTree = "<group>";
		};
/* End PBXVariantGroup section */

/* Begin XCBuildConfiguration section */
		EBE614921897A97B00CA76A4 /* Debug */ = {
			isa = XCBuildConfiguration;
			buildSettings = {
				ALWAYS_SEARCH_USER_PATHS = NO;
				ARCHS = "$(ARCHS_STANDARD_INCLUDING_64_BIT)";
				CLANG_CXX_LANGUAGE_STANDARD = "gnu++0x";
				CLANG_CXX_LIBRARY = "libc++";
				CLANG_ENABLE_MODULES = YES;
				CLANG_ENABLE_OBJC_ARC = YES;
				CLANG_WARN_BOOL_CONVERSION = YES;
				CLANG_WARN_CONSTANT_CONVERSION = YES;
				CLANG_WARN_DIRECT_OBJC_ISA_USAGE = YES_ERROR;
				CLANG_WARN_EMPTY_BODY = YES;
				CLANG_WARN_ENUM_CONVERSION = YES;
				CLANG_WARN_INT_CONVERSION = YES;
				CLANG_WARN_OBJC_ROOT_CLASS = YES_ERROR;
				CLANG_WARN__DUPLICATE_METHOD_MATCH = YES;
				"CODE_SIGN_IDENTITY[sdk=iphoneos*]" = "iPhone Developer";
				COPY_PHASE_STRIP = NO;
				GCC_C_LANGUAGE_STANDARD = gnu99;
				GCC_DYNAMIC_NO_PIC = NO;
				GCC_OPTIMIZATION_LEVEL = 0;
				GCC_PREPROCESSOR_DEFINITIONS = (
					"DEBUG=1",
					"$(inherited)",
				);
				GCC_SYMBOLS_PRIVATE_EXTERN = NO;
				GCC_WARN_64_TO_32_BIT_CONVERSION = YES;
				GCC_WARN_ABOUT_RETURN_TYPE = YES_ERROR;
				GCC_WARN_UNDECLARED_SELECTOR = YES;
				GCC_WARN_UNINITIALIZED_AUTOS = YES;
				GCC_WARN_UNUSED_FUNCTION = YES;
				GCC_WARN_UNUSED_VARIABLE = YES;
				IPHONEOS_DEPLOYMENT_TARGET = 6.1;
				ONLY_ACTIVE_ARCH = YES;
				SDKROOT = iphoneos;
			};
			name = Debug;
		};
		EBE614931897A97B00CA76A4 /* Release */ = {
			isa = XCBuildConfiguration;
			buildSettings = {
				ALWAYS_SEARCH_USER_PATHS = NO;
				ARCHS = "$(ARCHS_STANDARD_INCLUDING_64_BIT)";
				CLANG_CXX_LANGUAGE_STANDARD = "gnu++0x";
				CLANG_CXX_LIBRARY = "libc++";
				CLANG_ENABLE_MODULES = YES;
				CLANG_ENABLE_OBJC_ARC = YES;
				CLANG_WARN_BOOL_CONVERSION = YES;
				CLANG_WARN_CONSTANT_CONVERSION = YES;
				CLANG_WARN_DIRECT_OBJC_ISA_USAGE = YES_ERROR;
				CLANG_WARN_EMPTY_BODY = YES;
				CLANG_WARN_ENUM_CONVERSION = YES;
				CLANG_WARN_INT_CONVERSION = YES;
				CLANG_WARN_OBJC_ROOT_CLASS = YES_ERROR;
				CLANG_WARN__DUPLICATE_METHOD_MATCH = YES;
				"CODE_SIGN_IDENTITY[sdk=iphoneos*]" = "iPhone Developer";
				COPY_PHASE_STRIP = YES;
				ENABLE_NS_ASSERTIONS = NO;
				GCC_C_LANGUAGE_STANDARD = gnu99;
				GCC_WARN_64_TO_32_BIT_CONVERSION = YES;
				GCC_WARN_ABOUT_RETURN_TYPE = YES_ERROR;
				GCC_WARN_UNDECLARED_SELECTOR = YES;
				GCC_WARN_UNINITIALIZED_AUTOS = YES;
				GCC_WARN_UNUSED_FUNCTION = YES;
				GCC_WARN_UNUSED_VARIABLE = YES;
				IPHONEOS_DEPLOYMENT_TARGET = 6.1;
				SDKROOT = iphoneos;
				VALIDATE_PRODUCT = YES;
			};
			name = Release;
		};
		EBE614951897A97B00CA76A4 /* Debug */ = {
			isa = XCBuildConfiguration;
			buildSettings = {
				ASSETCATALOG_COMPILER_APPICON_NAME = AppIcon;
				ASSETCATALOG_COMPILER_LAUNCHIMAGE_NAME = LaunchImage;
				GCC_PRECOMPILE_PREFIX_HEADER = YES;
				GCC_PREFIX_HEADER = "Odnoklassniki iOS example/Odnoklassniki iOS example-Prefix.pch";
				INFOPLIST_FILE = "Odnoklassniki iOS example/Odnoklassniki iOS example-Info.plist";
				PRODUCT_NAME = "$(TARGET_NAME)";
				WRAPPER_EXTENSION = app;
			};
			name = Debug;
		};
		EBE614961897A97B00CA76A4 /* Release */ = {
			isa = XCBuildConfiguration;
			buildSettings = {
				ASSETCATALOG_COMPILER_APPICON_NAME = AppIcon;
				ASSETCATALOG_COMPILER_LAUNCHIMAGE_NAME = LaunchImage;
				GCC_PRECOMPILE_PREFIX_HEADER = YES;
				GCC_PREFIX_HEADER = "Odnoklassniki iOS example/Odnoklassniki iOS example-Prefix.pch";
				INFOPLIST_FILE = "Odnoklassniki iOS example/Odnoklassniki iOS example-Info.plist";
				PRODUCT_NAME = "$(TARGET_NAME)";
				WRAPPER_EXTENSION = app;
			};
			name = Release;
		};
		EBE614981897A97B00CA76A4 /* Debug */ = {
			isa = XCBuildConfiguration;
			buildSettings = {
				ARCHS = "$(ARCHS_STANDARD_INCLUDING_64_BIT)";
				BUNDLE_LOADER = "$(BUILT_PRODUCTS_DIR)/Odnoklassniki iOS example.app/Odnoklassniki iOS example";
				FRAMEWORK_SEARCH_PATHS = (
					"$(SDKROOT)/Developer/Library/Frameworks",
					"$(inherited)",
					"$(DEVELOPER_FRAMEWORKS_DIR)",
				);
				GCC_PRECOMPILE_PREFIX_HEADER = YES;
				GCC_PREFIX_HEADER = "Odnoklassniki iOS example/Odnoklassniki iOS example-Prefix.pch";
				GCC_PREPROCESSOR_DEFINITIONS = (
					"DEBUG=1",
					"$(inherited)",
				);
				INFOPLIST_FILE = "Odnoklassniki iOS exampleTests/Odnoklassniki iOS exampleTests-Info.plist";
				PRODUCT_NAME = "$(TARGET_NAME)";
				TEST_HOST = "$(BUNDLE_LOADER)";
				WRAPPER_EXTENSION = xctest;
			};
			name = Debug;
		};
		EBE614991897A97B00CA76A4 /* Release */ = {
			isa = XCBuildConfiguration;
			buildSettings = {
				ARCHS = "$(ARCHS_STANDARD_INCLUDING_64_BIT)";
				BUNDLE_LOADER = "$(BUILT_PRODUCTS_DIR)/Odnoklassniki iOS example.app/Odnoklassniki iOS example";
				FRAMEWORK_SEARCH_PATHS = (
					"$(SDKROOT)/Developer/Library/Frameworks",
					"$(inherited)",
					"$(DEVELOPER_FRAMEWORKS_DIR)",
				);
				GCC_PRECOMPILE_PREFIX_HEADER = YES;
				GCC_PREFIX_HEADER = "Odnoklassniki iOS example/Odnoklassniki iOS example-Prefix.pch";
				INFOPLIST_FILE = "Odnoklassniki iOS exampleTests/Odnoklassniki iOS exampleTests-Info.plist";
				PRODUCT_NAME = "$(TARGET_NAME)";
				TEST_HOST = "$(BUNDLE_LOADER)";
				WRAPPER_EXTENSION = xctest;
			};
			name = Release;
		};
/* End XCBuildConfiguration section */

/* Begin XCConfigurationList section */
		EBE6145A1897A97B00CA76A4 /* Build configuration list for PBXProject "Odnoklassniki iOS example" */ = {
			isa = XCConfigurationList;
			buildConfigurations = (
				EBE614921897A97B00CA76A4 /* Debug */,
				EBE614931897A97B00CA76A4 /* Release */,
			);
			defaultConfigurationIsVisible = 0;
			defaultConfigurationName = Debug;
		};
		EBE614941897A97B00CA76A4 /* Build configuration list for PBXNativeTarget "Odnoklassniki iOS example" */ = {
			isa = XCConfigurationList;
			buildConfigurations = (
				EBE614951897A97B00CA76A4 /* Debug */,
				EBE614961897A97B00CA76A4 /* Release */,
			);
			defaultConfigurationIsVisible = 0;
			defaultConfigurationName = Debug;
		};
		EBE614971897A97B00CA76A4 /* Build configuration list for PBXNativeTarget "Odnoklassniki iOS exampleTests" */ = {
			isa = XCConfigurationList;
			buildConfigurations = (
				EBE614981897A97B00CA76A4 /* Debug */,
				EBE614991897A97B00CA76A4 /* Release */,
			);
			defaultConfigurationIsVisible = 0;
			defaultConfigurationName = Debug;
		};
/* End XCConfigurationList section */
	};
	rootObject = EBE614571897A97B00CA76A4 /* Project object */;
}
